PODS:
  - BuyMeACoffee (1.0.0)

DEPENDENCIES:
  - BuyMeACoffee (from `BuyMeACoffee.podspec`)

EXTERNAL SOURCES:
  BuyMeACoffee:
    :path: BuyMeACoffee.podspec

SPEC CHECKSUMS:
  BuyMeACoffee: 44568a42477eb6944796de4d7aa08a1f38befe35

PODFILE CHECKSUM: 4c61a077dfe4caeca497fb85b05ed4f12a9f9673

COCOAPODS: 1.9.3
