PODS:
  - BuyMeACoffee (1.0.0)

DEPENDENCIES:
  - BuyMeACoffee (from `BuyMeACoffee.podspec`)

EXTERNAL SOURCES:
  BuyMeACoffee:
    :path: BuyMeACoffee.podspec

SPEC CHECKSUMS:
  BuyMeACoffee: da52a7f3506a22dfdf87824cd34f8cc2be73048a

PODFILE CHECKSUM: 4c61a077dfe4caeca497fb85b05ed4f12a9f9673

COCOAPODS: 1.9.3
